// !$*UTF8*$!
{
	archiveVersion = 1;
	classes = {
	};
	objectVersion = 46;
	objects = {

/* Begin PBXBuildFile section */
		C4162DB11B66072000857D6B /* AudioToolbox.framework in Frameworks */ = {isa = PBXBuildFile; fileRef = C4162DB01B66072000857D6B /* AudioToolbox.framework */; };
		C4162DB31B66072C00857D6B /* CFNetwork.framework in Frameworks */ = {isa = PBXBuildFile; fileRef = C4162DB21B66072C00857D6B /* CFNetwork.framework */; };
		C4162DB51B66074500857D6B /* CoreGraphics.framework in Frameworks */ = {isa = PBXBuildFile; fileRef = C4162DB41B66074500857D6B /* CoreGraphics.framework */; };
		C4162DB71B66074E00857D6B /* CoreLocation.framework in Frameworks */ = {isa = PBXBuildFile; fileRef = C4162DB61B66074E00857D6B /* CoreLocation.framework */; };
		C4162DB91B66075D00857D6B /* QuartzCore.framework in Frameworks */ = {isa = PBXBuildFile; fileRef = C4162DB81B66075D00857D6B /* QuartzCore.framework */; };
		C4162DBB1B66076500857D6B /* Security.framework in Frameworks */ = {isa = PBXBuildFile; fileRef = C4162DBA1B66076500857D6B /* Security.framework */; };
		C4162DBD1B66077200857D6B /* StoreKit.framework in Frameworks */ = {isa = PBXBuildFile; fileRef = C4162DBC1B66077200857D6B /* StoreKit.framework */; };
		C4162DBF1B66077D00857D6B /* SystemConfiguration.framework in Frameworks */ = {isa = PBXBuildFile; fileRef = C4162DBE1B66077D00857D6B /* SystemConfiguration.framework */; };
		C4162DC11B66078E00857D6B /* libz.dylib in Frameworks */ = {isa = PBXBuildFile; fileRef = C4162DC01B66078E00857D6B /* libz.dylib */; };
		C4162DC31B6607AF00857D6B /* libsqlite3.dylib in Frameworks */ = {isa = PBXBuildFile; fileRef = C4162DC21B6607AF00857D6B /* libsqlite3.dylib */; };
		C4162DCA1B6608EF00857D6B /* Bolts.framework in Frameworks */ = {isa = PBXBuildFile; fileRef = C4162DC41B6608EF00857D6B /* Bolts.framework */; };
		C4162DCB1B6608EF00857D6B /* Parse.framework in Frameworks */ = {isa = PBXBuildFile; fileRef = C4162DC51B6608EF00857D6B /* Parse.framework */; };
		C4162DCC1B6608EF00857D6B /* ParseCrashReporting.framework in Frameworks */ = {isa = PBXBuildFile; fileRef = C4162DC61B6608EF00857D6B /* ParseCrashReporting.framework */; };
		C4162DCD1B6608EF00857D6B /* ParseFacebookUtils.framework in Frameworks */ = {isa = PBXBuildFile; fileRef = C4162DC71B6608EF00857D6B /* ParseFacebookUtils.framework */; };
		C4162DCE1B6608EF00857D6B /* ParseFacebookUtilsV4.framework in Frameworks */ = {isa = PBXBuildFile; fileRef = C4162DC81B6608EF00857D6B /* ParseFacebookUtilsV4.framework */; };
		C4162DCF1B6608EF00857D6B /* ParseUI.framework in Frameworks */ = {isa = PBXBuildFile; fileRef = C4162DC91B6608EF00857D6B /* ParseUI.framework */; };
		C44C28DB1B6208B2006EB3AA /* NewTableViewController.swift in Sources */ = {isa = PBXBuildFile; fileRef = C44C28DA1B6208B2006EB3AA /* NewTableViewController.swift */; };
		C4D626FD1B61D5C7003ACC88 /* AppDelegate.swift in Sources */ = {isa = PBXBuildFile; fileRef = C4D626FC1B61D5C7003ACC88 /* AppDelegate.swift */; };
		C4D626FF1B61D5C7003ACC88 /* ViewController.swift in Sources */ = {isa = PBXBuildFile; fileRef = C4D626FE1B61D5C7003ACC88 /* ViewController.swift */; };
		C4D627021B61D5C7003ACC88 /* Main.storyboard in Resources */ = {isa = PBXBuildFile; fileRef = C4D627001B61D5C7003ACC88 /* Main.storyboard */; };
		C4D627041B61D5C7003ACC88 /* Images.xcassets in Resources */ = {isa = PBXBuildFile; fileRef = C4D627031B61D5C7003ACC88 /* Images.xcassets */; };
		C4D627071B61D5C7003ACC88 /* LaunchScreen.xib in Resources */ = {isa = PBXBuildFile; fileRef = C4D627051B61D5C7003ACC88 /* LaunchScreen.xib */; };
		C4D627131B61D5C7003ACC88 /* ToDoListTests.swift in Sources */ = {isa = PBXBuildFile; fileRef = C4D627121B61D5C7003ACC88 /* ToDoListTests.swift */; };
		C4D6271D1B61D7A3003ACC88 /* Memo.swift in Sources */ = {isa = PBXBuildFile; fileRef = C4D6271C1B61D7A3003ACC88 /* Memo.swift */; };
		C4D6271F1B61DE3D003ACC88 /* MemotableviewTableViewController.swift in Sources */ = {isa = PBXBuildFile; fileRef = C4D6271E1B61DE3D003ACC88 /* MemotableviewTableViewController.swift */; };
/* End PBXBuildFile section */

/* Begin PBXContainerItemProxy section */
		C4D6270D1B61D5C7003ACC88 /* PBXContainerItemProxy */ = {
			isa = PBXContainerItemProxy;
			containerPortal = C4D626EF1B61D5C7003ACC88 /* Project object */;
			proxyType = 1;
			remoteGlobalIDString = C4D626F61B61D5C7003ACC88;
			remoteInfo = ToDoList;
		};
/* End PBXContainerItemProxy section */

/* Begin PBXFileReference section */
		C4162DB01B66072000857D6B /* AudioToolbox.framework */ = {isa = PBXFileReference; lastKnownFileType = wrapper.framework; name = AudioToolbox.framework; path = System/Library/Frameworks/AudioToolbox.framework; sourceTree = SDKROOT; };
		C4162DB21B66072C00857D6B /* CFNetwork.framework */ = {isa = PBXFileReference; lastKnownFileType = wrapper.framework; name = CFNetwork.framework; path = System/Library/Frameworks/CFNetwork.framework; sourceTree = SDKROOT; };
		C4162DB41B66074500857D6B /* CoreGraphics.framework */ = {isa = PBXFileReference; lastKnownFileType = wrapper.framework; name = CoreGraphics.framework; path = System/Library/Frameworks/CoreGraphics.framework; sourceTree = SDKROOT; };
		C4162DB61B66074E00857D6B /* CoreLocation.framework */ = {isa = PBXFileReference; lastKnownFileType = wrapper.framework; name = CoreLocation.framework; path = System/Library/Frameworks/CoreLocation.framework; sourceTree = SDKROOT; };
		C4162DB81B66075D00857D6B /* QuartzCore.framework */ = {isa = PBXFileReference; lastKnownFileType = wrapper.framework; name = QuartzCore.framework; path = System/Library/Frameworks/QuartzCore.framework; sourceTree = SDKROOT; };
		C4162DBA1B66076500857D6B /* Security.framework */ = {isa = PBXFileReference; lastKnownFileType = wrapper.framework; name = Security.framework; path = System/Library/Frameworks/Security.framework; sourceTree = SDKROOT; };
		C4162DBC1B66077200857D6B /* StoreKit.framework */ = {isa = PBXFileReference; lastKnownFileType = wrapper.framework; name = StoreKit.framework; path = System/Library/Frameworks/StoreKit.framework; sourceTree = SDKROOT; };
		C4162DBE1B66077D00857D6B /* SystemConfiguration.framework */ = {isa = PBXFileReference; lastKnownFileType = wrapper.framework; name = SystemConfiguration.framework; path = System/Library/Frameworks/SystemConfiguration.framework; sourceTree = SDKROOT; };
		C4162DC01B66078E00857D6B /* libz.dylib */ = {isa = PBXFileReference; lastKnownFileType = "compiled.mach-o.dylib"; name = libz.dylib; path = usr/lib/libz.dylib; sourceTree = SDKROOT; };
		C4162DC21B6607AF00857D6B /* libsqlite3.dylib */ = {isa = PBXFileReference; lastKnownFileType = "compiled.mach-o.dylib"; name = libsqlite3.dylib; path = usr/lib/libsqlite3.dylib; sourceTree = SDKROOT; };
		C4162DC41B6608EF00857D6B /* Bolts.framework */ = {isa = PBXFileReference; lastKnownFileType = wrapper.framework; path = Bolts.framework; sourceTree = "<group>"; };
		C4162DC51B6608EF00857D6B /* Parse.framework */ = {isa = PBXFileReference; lastKnownFileType = wrapper.framework; path = Parse.framework; sourceTree = "<group>"; };
		C4162DC61B6608EF00857D6B /* ParseCrashReporting.framework */ = {isa = PBXFileReference; lastKnownFileType = wrapper.framework; path = ParseCrashReporting.framework; sourceTree = "<group>"; };
		C4162DC71B6608EF00857D6B /* ParseFacebookUtils.framework */ = {isa = PBXFileReference; lastKnownFileType = wrapper.framework; path = ParseFacebookUtils.framework; sourceTree = "<group>"; };
		C4162DC81B6608EF00857D6B /* ParseFacebookUtilsV4.framework */ = {isa = PBXFileReference; lastKnownFileType = wrapper.framework; path = ParseFacebookUtilsV4.framework; sourceTree = "<group>"; };
		C4162DC91B6608EF00857D6B /* ParseUI.framework */ = {isa = PBXFileReference; lastKnownFileType = wrapper.framework; path = ParseUI.framework; sourceTree = "<group>"; };
		C44C28DA1B6208B2006EB3AA /* NewTableViewController.swift */ = {isa = PBXFileReference; fileEncoding = 4; lastKnownFileType = sourcecode.swift; path = NewTableViewController.swift; sourceTree = "<group>"; };
		C4D626F71B61D5C7003ACC88 /* ToDoList.app */ = {isa = PBXFileReference; explicitFileType = wrapper.application; includeInIndex = 0; path = ToDoList.app; sourceTree = BUILT_PRODUCTS_DIR; };
		C4D626FB1B61D5C7003ACC88 /* Info.plist */ = {isa = PBXFileReference; lastKnownFileType = text.plist.xml; path = Info.plist; sourceTree = "<group>"; };
		C4D626FC1B61D5C7003ACC88 /* AppDelegate.swift */ = {isa = PBXFileReference; lastKnownFileType = sourcecode.swift; path = AppDelegate.swift; sourceTree = "<group>"; };
		C4D626FE1B61D5C7003ACC88 /* ViewController.swift */ = {isa = PBXFileReference; lastKnownFileType = sourcecode.swift; path = ViewController.swift; sourceTree = "<group>"; };
		C4D627011B61D5C7003ACC88 /* Base */ = {isa = PBXFileReference; lastKnownFileType = file.storyboard; name = Base; path = Base.lproj/Main.storyboard; sourceTree = "<group>"; };
		C4D627031B61D5C7003ACC88 /* Images.xcassets */ = {isa = PBXFileReference; lastKnownFileType = folder.assetcatalog; path = Images.xcassets; sourceTree = "<group>"; };
		C4D627061B61D5C7003ACC88 /* Base */ = {isa = PBXFileReference; lastKnownFileType = file.xib; name = Base; path = Base.lproj/LaunchScreen.xib; sourceTree = "<group>"; };
		C4D6270C1B61D5C7003ACC88 /* ToDoListTests.xctest */ = {isa = PBXFileReference; explicitFileType = wrapper.cfbundle; includeInIndex = 0; path = ToDoListTests.xctest; sourceTree = BUILT_PRODUCTS_DIR; };
		C4D627111B61D5C7003ACC88 /* Info.plist */ = {isa = PBXFileReference; lastKnownFileType = text.plist.xml; path = Info.plist; sourceTree = "<group>"; };
		C4D627121B61D5C7003ACC88 /* ToDoListTests.swift */ = {isa = PBXFileReference; lastKnownFileType = sourcecode.swift; path = ToDoListTests.swift; sourceTree = "<group>"; };
		C4D6271C1B61D7A3003ACC88 /* Memo.swift */ = {isa = PBXFileReference; fileEncoding = 4; lastKnownFileType = sourcecode.swift; path = Memo.swift; sourceTree = "<group>"; };
		C4D6271E1B61DE3D003ACC88 /* MemotableviewTableViewController.swift */ = {isa = PBXFileReference; fileEncoding = 4; lastKnownFileType = sourcecode.swift; path = MemotableviewTableViewController.swift; sourceTree = "<group>"; };
/* End PBXFileReference section */

/* Begin PBXFrameworksBuildPhase section */
		C4D626F41B61D5C7003ACC88 /* Frameworks */ = {
			isa = PBXFrameworksBuildPhase;
			buildActionMask = 2147483647;
			files = (
				C4162DCD1B6608EF00857D6B /* ParseFacebookUtils.framework in Frameworks */,
				C4162DC31B6607AF00857D6B /* libsqlite3.dylib in Frameworks */,
				C4162DC11B66078E00857D6B /* libz.dylib in Frameworks */,
				C4162DBF1B66077D00857D6B /* SystemConfiguration.framework in Frameworks */,
				C4162DBD1B66077200857D6B /* StoreKit.framework in Frameworks */,
				C4162DBB1B66076500857D6B /* Security.framework in Frameworks */,
				C4162DCF1B6608EF00857D6B /* ParseUI.framework in Frameworks */,
				C4162DB91B66075D00857D6B /* QuartzCore.framework in Frameworks */,
				C4162DB71B66074E00857D6B /* CoreLocation.framework in Frameworks */,
				C4162DB51B66074500857D6B /* CoreGraphics.framework in Frameworks */,
				C4162DCA1B6608EF00857D6B /* Bolts.framework in Frameworks */,
				C4162DB31B66072C00857D6B /* CFNetwork.framework in Frameworks */,
				C4162DCB1B6608EF00857D6B /* Parse.framework in Frameworks */,
				C4162DB11B66072000857D6B /* AudioToolbox.framework in Frameworks */,
				C4162DCC1B6608EF00857D6B /* ParseCrashReporting.framework in Frameworks */,
				C4162DCE1B6608EF00857D6B /* ParseFacebookUtilsV4.framework in Frameworks */,
			);
			runOnlyForDeploymentPostprocessing = 0;
		};
		C4D627091B61D5C7003ACC88 /* Frameworks */ = {
			isa = PBXFrameworksBuildPhase;
			buildActionMask = 2147483647;
			files = (
			);
			runOnlyForDeploymentPostprocessing = 0;
		};
/* End PBXFrameworksBuildPhase section */

/* Begin PBXGroup section */
		C4D626EE1B61D5C7003ACC88 = {
			isa = PBXGroup;
			children = (
				C4162DC21B6607AF00857D6B /* libsqlite3.dylib */,
				C4162DC01B66078E00857D6B /* libz.dylib */,
				C4162DBE1B66077D00857D6B /* SystemConfiguration.framework */,
				C4162DBC1B66077200857D6B /* StoreKit.framework */,
				C4162DBA1B66076500857D6B /* Security.framework */,
				C4162DB81B66075D00857D6B /* QuartzCore.framework */,
				C4162DB61B66074E00857D6B /* CoreLocation.framework */,
				C4162DB41B66074500857D6B /* CoreGraphics.framework */,
				C4162DB21B66072C00857D6B /* CFNetwork.framework */,
				C4162DB01B66072000857D6B /* AudioToolbox.framework */,
				C4D626F91B61D5C7003ACC88 /* ToDoList */,
				C4D6270F1B61D5C7003ACC88 /* ToDoListTests */,
				C4D626F81B61D5C7003ACC88 /* Products */,
			);
			sourceTree = "<group>";
		};
		C4D626F81B61D5C7003ACC88 /* Products */ = {
			isa = PBXGroup;
			children = (
				C4D626F71B61D5C7003ACC88 /* ToDoList.app */,
				C4D6270C1B61D5C7003ACC88 /* ToDoListTests.xctest */,
			);
			name = Products;
			sourceTree = "<group>";
		};
		C4D626F91B61D5C7003ACC88 /* ToDoList */ = {
			isa = PBXGroup;
			children = (
				C4D626FC1B61D5C7003ACC88 /* AppDelegate.swift */,
				C4D626FE1B61D5C7003ACC88 /* ViewController.swift */,
				C4D627001B61D5C7003ACC88 /* Main.storyboard */,
				C44C28DA1B6208B2006EB3AA /* NewTableViewController.swift */,
				C4D6271E1B61DE3D003ACC88 /* MemotableviewTableViewController.swift */,
				C4D6271C1B61D7A3003ACC88 /* Memo.swift */,
				C4D627031B61D5C7003ACC88 /* Images.xcassets */,
				C4D627051B61D5C7003ACC88 /* LaunchScreen.xib */,
				C4D626FA1B61D5C7003ACC88 /* Supporting Files */,
			);
			path = ToDoList;
			sourceTree = "<group>";
		};
		C4D626FA1B61D5C7003ACC88 /* Supporting Files */ = {
			isa = PBXGroup;
			children = (
				C4162DC41B6608EF00857D6B /* Bolts.framework */,
				C4162DC51B6608EF00857D6B /* Parse.framework */,
				C4162DC61B6608EF00857D6B /* ParseCrashReporting.framework */,
				C4162DC71B6608EF00857D6B /* ParseFacebookUtils.framework */,
				C4162DC81B6608EF00857D6B /* ParseFacebookUtilsV4.framework */,
				C4162DC91B6608EF00857D6B /* ParseUI.framework */,
				C4D626FB1B61D5C7003ACC88 /* Info.plist */,
			);
			name = "Supporting Files";
			sourceTree = "<group>";
		};
		C4D6270F1B61D5C7003ACC88 /* ToDoListTests */ = {
			isa = PBXGroup;
			children = (
				C4D627121B61D5C7003ACC88 /* ToDoListTests.swift */,
				C4D627101B61D5C7003ACC88 /* Supporting Files */,
			);
			path = ToDoListTests;
			sourceTree = "<group>";
		};
		C4D627101B61D5C7003ACC88 /* Supporting Files */ = {
			isa = PBXGroup;
			children = (
				C4D627111B61D5C7003ACC88 /* Info.plist */,
			);
			name = "Supporting Files";
			sourceTree = "<group>";
		};
/* End PBXGroup section */

/* Begin PBXNativeTarget section */
		C4D626F61B61D5C7003ACC88 /* ToDoList */ = {
			isa = PBXNativeTarget;
			buildConfigurationList = C4D627161B61D5C7003ACC88 /* Build configuration list for PBXNativeTarget "ToDoList" */;
			buildPhases = (
				C4D626F31B61D5C7003ACC88 /* Sources */,
				C4D626F41B61D5C7003ACC88 /* Frameworks */,
				C4D626F51B61D5C7003ACC88 /* Resources */,
			);
			buildRules = (
			);
			dependencies = (
			);
			name = ToDoList;
			productName = ToDoList;
			productReference = C4D626F71B61D5C7003ACC88 /* ToDoList.app */;
			productType = "com.apple.product-type.application";
		};
		C4D6270B1B61D5C7003ACC88 /* ToDoListTests */ = {
			isa = PBXNativeTarget;
			buildConfigurationList = C4D627191B61D5C7003ACC88 /* Build configuration list for PBXNativeTarget "ToDoListTests" */;
			buildPhases = (
				C4D627081B61D5C7003ACC88 /* Sources */,
				C4D627091B61D5C7003ACC88 /* Frameworks */,
				C4D6270A1B61D5C7003ACC88 /* Resources */,
			);
			buildRules = (
			);
			dependencies = (
				C4D6270E1B61D5C7003ACC88 /* PBXTargetDependency */,
			);
			name = ToDoListTests;
			productName = ToDoListTests;
			productReference = C4D6270C1B61D5C7003ACC88 /* ToDoListTests.xctest */;
			productType = "com.apple.product-type.bundle.unit-test";
		};
/* End PBXNativeTarget section */

/* Begin PBXProject section */
		C4D626EF1B61D5C7003ACC88 /* Project object */ = {
			isa = PBXProject;
			attributes = {
				LastUpgradeCheck = 0630;
				ORGANIZATIONNAME = Jerry;
				TargetAttributes = {
					C4D626F61B61D5C7003ACC88 = {
						CreatedOnToolsVersion = 6.3.2;
					};
					C4D6270B1B61D5C7003ACC88 = {
						CreatedOnToolsVersion = 6.3.2;
						TestTargetID = C4D626F61B61D5C7003ACC88;
					};
				};
			};
			buildConfigurationList = C4D626F21B61D5C7003ACC88 /* Build configuration list for PBXProject "ToDoList" */;
			compatibilityVersion = "Xcode 3.2";
			developmentRegion = English;
			hasScannedForEncodings = 0;
			knownRegions = (
				en,
				Base,
			);
			mainGroup = C4D626EE1B61D5C7003ACC88;
			productRefGroup = C4D626F81B61D5C7003ACC88 /* Products */;
			projectDirPath = "";
			projectRoot = "";
			targets = (
				C4D626F61B61D5C7003ACC88 /* ToDoList */,
				C4D6270B1B61D5C7003ACC88 /* ToDoListTests */,
			);
		};
/* End PBXProject section */

/* Begin PBXResourcesBuildPhase section */
		C4D626F51B61D5C7003ACC88 /* Resources */ = {
			isa = PBXResourcesBuildPhase;
			buildActionMask = 2147483647;
			files = (
				C4D627021B61D5C7003ACC88 /* Main.storyboard in Resources */,
				C4D627071B61D5C7003ACC88 /* LaunchScreen.xib in Resources */,
				C4D627041B61D5C7003ACC88 /* Images.xcassets in Resources */,
			);
			runOnlyForDeploymentPostprocessing = 0;
		};
		C4D6270A1B61D5C7003ACC88 /* Resources */ = {
			isa = PBXResourcesBuildPhase;
			buildActionMask = 2147483647;
			files = (
			);
			runOnlyForDeploymentPostprocessing = 0;
		};
/* End PBXResourcesBuildPhase section */

/* Begin PBXSourcesBuildPhase section */
		C4D626F31B61D5C7003ACC88 /* Sources */ = {
			isa = PBXSourcesBuildPhase;
			buildActionMask = 2147483647;
			files = (
				C44C28DB1B6208B2006EB3AA /* NewTableViewController.swift in Sources */,
				C4D6271D1B61D7A3003ACC88 /* Memo.swift in Sources */,
				C4D6271F1B61DE3D003ACC88 /* MemotableviewTableViewController.swift in Sources */,
				C4D626FF1B61D5C7003ACC88 /* ViewController.swift in Sources */,
				C4D626FD1B61D5C7003ACC88 /* AppDelegate.swift in Sources */,
			);
			runOnlyForDeploymentPostprocessing = 0;
		};
		C4D627081B61D5C7003ACC88 /* Sources */ = {
			isa = PBXSourcesBuildPhase;
			buildActionMask = 2147483647;
			files = (
				C4D627131B61D5C7003ACC88 /* ToDoListTests.swift in Sources */,
			);
			runOnlyForDeploymentPostprocessing = 0;
		};
/* End PBXSourcesBuildPhase section */

/* Begin PBXTargetDependency section */
		C4D6270E1B61D5C7003ACC88 /* PBXTargetDependency */ = {
			isa = PBXTargetDependency;
			target = C4D626F61B61D5C7003ACC88 /* ToDoList */;
			targetProxy = C4D6270D1B61D5C7003ACC88 /* PBXContainerItemProxy */;
		};
/* End PBXTargetDependency section */

/* Begin PBXVariantGroup section */
		C4D627001B61D5C7003ACC88 /* Main.storyboard */ = {
			isa = PBXVariantGroup;
			children = (
				C4D627011B61D5C7003ACC88 /* Base */,
			);
			name = Main.storyboard;
			sourceTree = "<group>";
		};
		C4D627051B61D5C7003ACC88 /* LaunchScreen.xib */ = {
			isa = PBXVariantGroup;
			children = (
				C4D627061B61D5C7003ACC88 /* Base */,
			);
			name = LaunchScreen.xib;
			sourceTree = "<group>";
		};
/* End PBXVariantGroup section */

/* Begin XCBuildConfiguration section */
		C4D627141B61D5C7003ACC88 /* Debug */ = {
			isa = XCBuildConfiguration;
			buildSettings = {
				ALWAYS_SEARCH_USER_PATHS = NO;
				CLANG_CXX_LANGUAGE_STANDARD = "gnu++0x";
				CLANG_CXX_LIBRARY = "libc++";
				CLANG_ENABLE_MODULES = YES;
				CLANG_ENABLE_OBJC_ARC = YES;
				CLANG_WARN_BOOL_CONVERSION = YES;
				CLANG_WARN_CONSTANT_CONVERSION = YES;
				CLANG_WARN_DIRECT_OBJC_ISA_USAGE = YES_ERROR;
				CLANG_WARN_EMPTY_BODY = YES;
				CLANG_WARN_ENUM_CONVERSION = YES;
				CLANG_WARN_INT_CONVERSION = YES;
				CLANG_WARN_OBJC_ROOT_CLASS = YES_ERROR;
				CLANG_WARN_UNREACHABLE_CODE = YES;
				CLANG_WARN__DUPLICATE_METHOD_MATCH = YES;
				"CODE_SIGN_IDENTITY[sdk=iphoneos*]" = "iPhone Developer";
				COPY_PHASE_STRIP = NO;
				DEBUG_INFORMATION_FORMAT = "dwarf-with-dsym";
				ENABLE_STRICT_OBJC_MSGSEND = YES;
				GCC_C_LANGUAGE_STANDARD = gnu99;
				GCC_DYNAMIC_NO_PIC = NO;
				GCC_NO_COMMON_BLOCKS = YES;
				GCC_OPTIMIZATION_LEVEL = 0;
				GCC_PREPROCESSOR_DEFINITIONS = (
					"DEBUG=1",
					"$(inherited)",
				);
				GCC_SYMBOLS_PRIVATE_EXTERN = NO;
				GCC_WARN_64_TO_32_BIT_CONVERSION = YES;
				GCC_WARN_ABOUT_RETURN_TYPE = YES_ERROR;
				GCC_WARN_UNDECLARED_SELECTOR = YES;
				GCC_WARN_UNINITIALIZED_AUTOS = YES_AGGRESSIVE;
				GCC_WARN_UNUSED_FUNCTION = YES;
				GCC_WARN_UNUSED_VARIABLE = YES;
				IPHONEOS_DEPLOYMENT_TARGET = 8.3;
				MTL_ENABLE_DEBUG_INFO = YES;
				ONLY_ACTIVE_ARCH = YES;
				SDKROOT = iphoneos;
				SWIFT_OPTIMIZATION_LEVEL = "-Onone";
				TARGETED_DEVICE_FAMILY = "1,2";
			};
			name = Debug;
		};
		C4D627151B61D5C7003ACC88 /* Release */ = {
			isa = XCBuildConfiguration;
			buildSettings = {
				ALWAYS_SEARCH_USER_PATHS = NO;
				CLANG_CXX_LANGUAGE_STANDARD = "gnu++0x";
				CLANG_CXX_LIBRARY = "libc++";
				CLANG_ENABLE_MODULES = YES;
				CLANG_ENABLE_OBJC_ARC = YES;
				CLANG_WARN_BOOL_CONVERSION = YES;
				CLANG_WARN_CONSTANT_CONVERSION = YES;
				CLANG_WARN_DIRECT_OBJC_ISA_USAGE = YES_ERROR;
				CLANG_WARN_EMPTY_BODY = YES;
				CLANG_WARN_ENUM_CONVERSION = YES;
				CLANG_WARN_INT_CONVERSION = YES;
				CLANG_WARN_OBJC_ROOT_CLASS = YES_ERROR;
				CLANG_WARN_UNREACHABLE_CODE = YES;
				CLANG_WARN__DUPLICATE_METHOD_MATCH = YES;
				"CODE_SIGN_IDENTITY[sdk=iphoneos*]" = "iPhone Developer";
				COPY_PHASE_STRIP = NO;
				DEBUG_INFORMATION_FORMAT = "dwarf-with-dsym";
				ENABLE_NS_ASSERTIONS = NO;
				ENABLE_STRICT_OBJC_MSGSEND = YES;
				GCC_C_LANGUAGE_STANDARD = gnu99;
				GCC_NO_COMMON_BLOCKS = YES;
				GCC_WARN_64_TO_32_BIT_CONVERSION = YES;
				GCC_WARN_ABOUT_RETURN_TYPE = YES_ERROR;
				GCC_WARN_UNDECLARED_SELECTOR = YES;
				GCC_WARN_UNINITIALIZED_AUTOS = YES_AGGRESSIVE;
				GCC_WARN_UNUSED_FUNCTION = YES;
				GCC_WARN_UNUSED_VARIABLE = YES;
				IPHONEOS_DEPLOYMENT_TARGET = 8.3;
				MTL_ENABLE_DEBUG_INFO = NO;
				SDKROOT = iphoneos;
				TARGETED_DEVICE_FAMILY = "1,2";
				VALIDATE_PRODUCT = YES;
			};
			name = Release;
		};
		C4D627171B61D5C7003ACC88 /* Debug */ = {
			isa = XCBuildConfiguration;
			buildSettings = {
				ASSETCATALOG_COMPILER_APPICON_NAME = AppIcon;
				FRAMEWORK_SEARCH_PATHS = (
					"$(inherited)",
					"$(PROJECT_DIR)/ToDoList",
				);
				INFOPLIST_FILE = ToDoList/Info.plist;
				LD_RUNPATH_SEARCH_PATHS = "$(inherited) @executable_path/Frameworks";
				PRODUCT_NAME = "$(TARGET_NAME)";
			};
			name = Debug;
		};
		C4D627181B61D5C7003ACC88 /* Release */ = {
			isa = XCBuildConfiguration;
			buildSettings = {
				ASSETCATALOG_COMPILER_APPICON_NAME = AppIcon;
				FRAMEWORK_SEARCH_PATHS = (
					"$(inherited)",
					"$(PROJECT_DIR)/ToDoList",
				);
				INFOPLIST_FILE = ToDoList/Info.plist;
				LD_RUNPATH_SEARCH_PATHS = "$(inherited) @executable_path/Frameworks";
				PRODUCT_NAME = "$(TARGET_NAME)";
			};
			name = Release;
		};
		C4D6271A1B61D5C7003ACC88 /* Debug */ = {
			isa = XCBuildConfiguration;
			buildSettings = {
				BUNDLE_LOADER = "$(TEST_HOST)";
				FRAMEWORK_SEARCH_PATHS = (
					"$(SDKROOT)/Developer/Library/Frameworks",
					"$(inherited)",
				);
				GCC_PREPROCESSOR_DEFINITIONS = (
					"DEBUG=1",
					"$(inherited)",
				);
				INFOPLIST_FILE = ToDoListTests/Info.plist;
				LD_RUNPATH_SEARCH_PATHS = "$(inherited) @executable_path/Frameworks @loader_path/Frameworks";
				PRODUCT_NAME = "$(TARGET_NAME)";
				TEST_HOST = "$(BUILT_PRODUCTS_DIR)/ToDoList.app/ToDoList";
			};
			name = Debug;
		};
		C4D6271B1B61D5C7003ACC88 /* Release */ = {
			isa = XCBuildConfiguration;
			buildSettings = {
				BUNDLE_LOADER = "$(TEST_HOST)";
				FRAMEWORK_SEARCH_PATHS = (
					"$(SDKROOT)/Developer/Library/Frameworks",
					"$(inherited)",
				);
				INFOPLIST_FILE = ToDoListTests/Info.plist;
				LD_RUNPATH_SEARCH_PATHS = "$(inherited) @executable_path/Frameworks @loader_path/Frameworks";
				PRODUCT_NAME = "$(TARGET_NAME)";
				TEST_HOST = "$(BUILT_PRODUCTS_DIR)/ToDoList.app/ToDoList";
			};
			name = Release;
		};
/* End XCBuildConfiguration section */

/* Begin XCConfigurationList section */
		C4D626F21B61D5C7003ACC88 /* Build configuration list for PBXProject "ToDoList" */ = {
			isa = XCConfigurationList;
			buildConfigurations = (
				C4D627141B61D5C7003ACC88 /* Debug */,
				C4D627151B61D5C7003ACC88 /* Release */,
			);
			defaultConfigurationIsVisible = 0;
			defaultConfigurationName = Release;
		};
		C4D627161B61D5C7003ACC88 /* Build configuration list for PBXNativeTarget "ToDoList" */ = {
			isa = XCConfigurationList;
			buildConfigurations = (
				C4D627171B61D5C7003ACC88 /* Debug */,
				C4D627181B61D5C7003ACC88 /* Release */,
			);
			defaultConfigurationIsVisible = 0;
			defaultConfigurationName = Release;
		};
		C4D627191B61D5C7003ACC88 /* Build configuration list for PBXNativeTarget "ToDoListTests" */ = {
			isa = XCConfigurationList;
			buildConfigurations = (
				C4D6271A1B61D5C7003ACC88 /* Debug */,
				C4D6271B1B61D5C7003ACC88 /* Release */,
			);
			defaultConfigurationIsVisible = 0;
			defaultConfigurationName = Release;
		};
/* End XCConfigurationList section */
	};
	rootObject = C4D626EF1B61D5C7003ACC88 /* Project object */;
}
