// !$*UTF8*$!
{
	archiveVersion = 1;
	classes = {
	};
	objectVersion = 46;
	objects = {

/* Begin PBXBuildFile section */
		C470C82D1B5F5D8F009D7F01 /* AppDelegate.swift in Sources */ = {isa = PBXBuildFile; fileRef = C470C82C1B5F5D8F009D7F01 /* AppDelegate.swift */; };
		C470C82F1B5F5D8F009D7F01 /* ViewController.swift in Sources */ = {isa = PBXBuildFile; fileRef = C470C82E1B5F5D8F009D7F01 /* ViewController.swift */; };
		C470C8321B5F5D8F009D7F01 /* Main.storyboard in Resources */ = {isa = PBXBuildFile; fileRef = C470C8301B5F5D8F009D7F01 /* Main.storyboard */; };
		C470C8341B5F5D8F009D7F01 /* Images.xcassets in Resources */ = {isa = PBXBuildFile; fileRef = C470C8331B5F5D8F009D7F01 /* Images.xcassets */; };
		C470C8371B5F5D8F009D7F01 /* LaunchScreen.xib in Resources */ = {isa = PBXBuildFile; fileRef = C470C8351B5F5D8F009D7F01 /* LaunchScreen.xib */; };
		C470C8431B5F5D8F009D7F01 /* TipTapToeTests.swift in Sources */ = {isa = PBXBuildFile; fileRef = C470C8421B5F5D8F009D7F01 /* TipTapToeTests.swift */; };
		C488EB381B69C77600CD8491 /* Colours.m in Sources */ = {isa = PBXBuildFile; fileRef = C488EB371B69C77600CD8491 /* Colours.m */; };
/* End PBXBuildFile section */

/* Begin PBXContainerItemProxy section */
		C470C83D1B5F5D8F009D7F01 /* PBXContainerItemProxy */ = {
			isa = PBXContainerItemProxy;
			containerPortal = C470C81F1B5F5D8E009D7F01 /* Project object */;
			proxyType = 1;
			remoteGlobalIDString = C470C8261B5F5D8E009D7F01;
			remoteInfo = TipTapToe;
		};
/* End PBXContainerItemProxy section */

/* Begin PBXFileReference section */
		C470C8271B5F5D8E009D7F01 /* TipTapToe.app */ = {isa = PBXFileReference; explicitFileType = wrapper.application; includeInIndex = 0; path = TipTapToe.app; sourceTree = BUILT_PRODUCTS_DIR; };
		C470C82B1B5F5D8F009D7F01 /* Info.plist */ = {isa = PBXFileReference; lastKnownFileType = text.plist.xml; path = Info.plist; sourceTree = "<group>"; };
		C470C82C1B5F5D8F009D7F01 /* AppDelegate.swift */ = {isa = PBXFileReference; lastKnownFileType = sourcecode.swift; path = AppDelegate.swift; sourceTree = "<group>"; };
		C470C82E1B5F5D8F009D7F01 /* ViewController.swift */ = {isa = PBXFileReference; lastKnownFileType = sourcecode.swift; path = ViewController.swift; sourceTree = "<group>"; };
		C470C8311B5F5D8F009D7F01 /* Base */ = {isa = PBXFileReference; lastKnownFileType = file.storyboard; name = Base; path = Base.lproj/Main.storyboard; sourceTree = "<group>"; };
		C470C8331B5F5D8F009D7F01 /* Images.xcassets */ = {isa = PBXFileReference; lastKnownFileType = folder.assetcatalog; path = Images.xcassets; sourceTree = "<group>"; };
		C470C8361B5F5D8F009D7F01 /* Base */ = {isa = PBXFileReference; lastKnownFileType = file.xib; name = Base; path = Base.lproj/LaunchScreen.xib; sourceTree = "<group>"; };
		C470C83C1B5F5D8F009D7F01 /* TipTapToeTests.xctest */ = {isa = PBXFileReference; explicitFileType = wrapper.cfbundle; includeInIndex = 0; path = TipTapToeTests.xctest; sourceTree = BUILT_PRODUCTS_DIR; };
		C470C8411B5F5D8F009D7F01 /* Info.plist */ = {isa = PBXFileReference; lastKnownFileType = text.plist.xml; path = Info.plist; sourceTree = "<group>"; };
		C470C8421B5F5D8F009D7F01 /* TipTapToeTests.swift */ = {isa = PBXFileReference; lastKnownFileType = sourcecode.swift; path = TipTapToeTests.swift; sourceTree = "<group>"; };
		C488EB351B69C77500CD8491 /* TipTapToe-Bridging-Header.h */ = {isa = PBXFileReference; lastKnownFileType = sourcecode.c.h; path = "TipTapToe-Bridging-Header.h"; sourceTree = "<group>"; };
		C488EB361B69C77600CD8491 /* Colours.h */ = {isa = PBXFileReference; fileEncoding = 4; lastKnownFileType = sourcecode.c.h; path = Colours.h; sourceTree = "<group>"; };
		C488EB371B69C77600CD8491 /* Colours.m */ = {isa = PBXFileReference; fileEncoding = 4; lastKnownFileType = sourcecode.c.objc; path = Colours.m; sourceTree = "<group>"; };
/* End PBXFileReference section */

/* Begin PBXFrameworksBuildPhase section */
		C470C8241B5F5D8E009D7F01 /* Frameworks */ = {
			isa = PBXFrameworksBuildPhase;
			buildActionMask = 2147483647;
			files = (
			);
			runOnlyForDeploymentPostprocessing = 0;
		};
		C470C8391B5F5D8F009D7F01 /* Frameworks */ = {
			isa = PBXFrameworksBuildPhase;
			buildActionMask = 2147483647;
			files = (
			);
			runOnlyForDeploymentPostprocessing = 0;
		};
/* End PBXFrameworksBuildPhase section */

/* Begin PBXGroup section */
		C470C81E1B5F5D8E009D7F01 = {
			isa = PBXGroup;
			children = (
				C470C8291B5F5D8E009D7F01 /* TipTapToe */,
				C470C83F1B5F5D8F009D7F01 /* TipTapToeTests */,
				C470C8281B5F5D8E009D7F01 /* Products */,
			);
			sourceTree = "<group>";
		};
		C470C8281B5F5D8E009D7F01 /* Products */ = {
			isa = PBXGroup;
			children = (
				C470C8271B5F5D8E009D7F01 /* TipTapToe.app */,
				C470C83C1B5F5D8F009D7F01 /* TipTapToeTests.xctest */,
			);
			name = Products;
			sourceTree = "<group>";
		};
		C470C8291B5F5D8E009D7F01 /* TipTapToe */ = {
			isa = PBXGroup;
			children = (
				C470C82C1B5F5D8F009D7F01 /* AppDelegate.swift */,
				C470C82E1B5F5D8F009D7F01 /* ViewController.swift */,
				C470C8301B5F5D8F009D7F01 /* Main.storyboard */,
				C470C8331B5F5D8F009D7F01 /* Images.xcassets */,
				C488EB361B69C77600CD8491 /* Colours.h */,
				C488EB371B69C77600CD8491 /* Colours.m */,
				C470C8351B5F5D8F009D7F01 /* LaunchScreen.xib */,
				C470C82A1B5F5D8E009D7F01 /* Supporting Files */,
				C488EB351B69C77500CD8491 /* TipTapToe-Bridging-Header.h */,
			);
			path = TipTapToe;
			sourceTree = "<group>";
		};
		C470C82A1B5F5D8E009D7F01 /* Supporting Files */ = {
			isa = PBXGroup;
			children = (
				C470C82B1B5F5D8F009D7F01 /* Info.plist */,
			);
			name = "Supporting Files";
			sourceTree = "<group>";
		};
		C470C83F1B5F5D8F009D7F01 /* TipTapToeTests */ = {
			isa = PBXGroup;
			children = (
				C470C8421B5F5D8F009D7F01 /* TipTapToeTests.swift */,
				C470C8401B5F5D8F009D7F01 /* Supporting Files */,
			);
			path = TipTapToeTests;
			sourceTree = "<group>";
		};
		C470C8401B5F5D8F009D7F01 /* Supporting Files */ = {
			isa = PBXGroup;
			children = (
				C470C8411B5F5D8F009D7F01 /* Info.plist */,
			);
			name = "Supporting Files";
			sourceTree = "<group>";
		};
/* End PBXGroup section */

/* Begin PBXNativeTarget section */
		C470C8261B5F5D8E009D7F01 /* TipTapToe */ = {
			isa = PBXNativeTarget;
			buildConfigurationList = C470C8461B5F5D8F009D7F01 /* Build configuration list for PBXNativeTarget "TipTapToe" */;
			buildPhases = (
				C470C8231B5F5D8E009D7F01 /* Sources */,
				C470C8241B5F5D8E009D7F01 /* Frameworks */,
				C470C8251B5F5D8E009D7F01 /* Resources */,
			);
			buildRules = (
			);
			dependencies = (
			);
			name = TipTapToe;
			productName = TipTapToe;
			productReference = C470C8271B5F5D8E009D7F01 /* TipTapToe.app */;
			productType = "com.apple.product-type.application";
		};
		C470C83B1B5F5D8F009D7F01 /* TipTapToeTests */ = {
			isa = PBXNativeTarget;
			buildConfigurationList = C470C8491B5F5D8F009D7F01 /* Build configuration list for PBXNativeTarget "TipTapToeTests" */;
			buildPhases = (
				C470C8381B5F5D8F009D7F01 /* Sources */,
				C470C8391B5F5D8F009D7F01 /* Frameworks */,
				C470C83A1B5F5D8F009D7F01 /* Resources */,
			);
			buildRules = (
			);
			dependencies = (
				C470C83E1B5F5D8F009D7F01 /* PBXTargetDependency */,
			);
			name = TipTapToeTests;
			productName = TipTapToeTests;
			productReference = C470C83C1B5F5D8F009D7F01 /* TipTapToeTests.xctest */;
			productType = "com.apple.product-type.bundle.unit-test";
		};
/* End PBXNativeTarget section */

/* Begin PBXProject section */
		C470C81F1B5F5D8E009D7F01 /* Project object */ = {
			isa = PBXProject;
			attributes = {
				LastUpgradeCheck = 0630;
				ORGANIZATIONNAME = Jerry;
				TargetAttributes = {
					C470C8261B5F5D8E009D7F01 = {
						CreatedOnToolsVersion = 6.3.2;
					};
					C470C83B1B5F5D8F009D7F01 = {
						CreatedOnToolsVersion = 6.3.2;
						TestTargetID = C470C8261B5F5D8E009D7F01;
					};
				};
			};
			buildConfigurationList = C470C8221B5F5D8E009D7F01 /* Build configuration list for PBXProject "TipTapToe" */;
			compatibilityVersion = "Xcode 3.2";
			developmentRegion = English;
			hasScannedForEncodings = 0;
			knownRegions = (
				en,
				Base,
			);
			mainGroup = C470C81E1B5F5D8E009D7F01;
			productRefGroup = C470C8281B5F5D8E009D7F01 /* Products */;
			projectDirPath = "";
			projectRoot = "";
			targets = (
				C470C8261B5F5D8E009D7F01 /* TipTapToe */,
				C470C83B1B5F5D8F009D7F01 /* TipTapToeTests */,
			);
		};
/* End PBXProject section */

/* Begin PBXResourcesBuildPhase section */
		C470C8251B5F5D8E009D7F01 /* Resources */ = {
			isa = PBXResourcesBuildPhase;
			buildActionMask = 2147483647;
			files = (
				C470C8321B5F5D8F009D7F01 /* Main.storyboard in Resources */,
				C470C8371B5F5D8F009D7F01 /* LaunchScreen.xib in Resources */,
				C470C8341B5F5D8F009D7F01 /* Images.xcassets in Resources */,
			);
			runOnlyForDeploymentPostprocessing = 0;
		};
		C470C83A1B5F5D8F009D7F01 /* Resources */ = {
			isa = PBXResourcesBuildPhase;
			buildActionMask = 2147483647;
			files = (
			);
			runOnlyForDeploymentPostprocessing = 0;
		};
/* End PBXResourcesBuildPhase section */

/* Begin PBXSourcesBuildPhase section */
		C470C8231B5F5D8E009D7F01 /* Sources */ = {
			isa = PBXSourcesBuildPhase;
			buildActionMask = 2147483647;
			files = (
				C470C82F1B5F5D8F009D7F01 /* ViewController.swift in Sources */,
				C470C82D1B5F5D8F009D7F01 /* AppDelegate.swift in Sources */,
				C488EB381B69C77600CD8491 /* Colours.m in Sources */,
			);
			runOnlyForDeploymentPostprocessing = 0;
		};
		C470C8381B5F5D8F009D7F01 /* Sources */ = {
			isa = PBXSourcesBuildPhase;
			buildActionMask = 2147483647;
			files = (
				C470C8431B5F5D8F009D7F01 /* TipTapToeTests.swift in Sources */,
			);
			runOnlyForDeploymentPostprocessing = 0;
		};
/* End PBXSourcesBuildPhase section */

/* Begin PBXTargetDependency section */
		C470C83E1B5F5D8F009D7F01 /* PBXTargetDependency */ = {
			isa = PBXTargetDependency;
			target = C470C8261B5F5D8E009D7F01 /* TipTapToe */;
			targetProxy = C470C83D1B5F5D8F009D7F01 /* PBXContainerItemProxy */;
		};
/* End PBXTargetDependency section */

/* Begin PBXVariantGroup section */
		C470C8301B5F5D8F009D7F01 /* Main.storyboard */ = {
			isa = PBXVariantGroup;
			children = (
				C470C8311B5F5D8F009D7F01 /* Base */,
			);
			name = Main.storyboard;
			sourceTree = "<group>";
		};
		C470C8351B5F5D8F009D7F01 /* LaunchScreen.xib */ = {
			isa = PBXVariantGroup;
			children = (
				C470C8361B5F5D8F009D7F01 /* Base */,
			);
			name = LaunchScreen.xib;
			sourceTree = "<group>";
		};
/* End PBXVariantGroup section */

/* Begin XCBuildConfiguration section */
		C470C8441B5F5D8F009D7F01 /* Debug */ = {
			isa = XCBuildConfiguration;
			buildSettings = {
				ALWAYS_SEARCH_USER_PATHS = NO;
				CLANG_CXX_LANGUAGE_STANDARD = "gnu++0x";
				CLANG_CXX_LIBRARY = "libc++";
				CLANG_ENABLE_MODULES = YES;
				CLANG_ENABLE_OBJC_ARC = YES;
				CLANG_WARN_BOOL_CONVERSION = YES;
				CLANG_WARN_CONSTANT_CONVERSION = YES;
				CLANG_WARN_DIRECT_OBJC_ISA_USAGE = YES_ERROR;
				CLANG_WARN_EMPTY_BODY = YES;
				CLANG_WARN_ENUM_CONVERSION = YES;
				CLANG_WARN_INT_CONVERSION = YES;
				CLANG_WARN_OBJC_ROOT_CLASS = YES_ERROR;
				CLANG_WARN_UNREACHABLE_CODE = YES;
				CLANG_WARN__DUPLICATE_METHOD_MATCH = YES;
				"CODE_SIGN_IDENTITY[sdk=iphoneos*]" = "iPhone Developer";
				COPY_PHASE_STRIP = NO;
				DEBUG_INFORMATION_FORMAT = "dwarf-with-dsym";
				ENABLE_STRICT_OBJC_MSGSEND = YES;
				GCC_C_LANGUAGE_STANDARD = gnu99;
				GCC_DYNAMIC_NO_PIC = NO;
				GCC_NO_COMMON_BLOCKS = YES;
				GCC_OPTIMIZATION_LEVEL = 0;
				GCC_PREPROCESSOR_DEFINITIONS = (
					"DEBUG=1",
					"$(inherited)",
				);
				GCC_SYMBOLS_PRIVATE_EXTERN = NO;
				GCC_WARN_64_TO_32_BIT_CONVERSION = YES;
				GCC_WARN_ABOUT_RETURN_TYPE = YES_ERROR;
				GCC_WARN_UNDECLARED_SELECTOR = YES;
				GCC_WARN_UNINITIALIZED_AUTOS = YES_AGGRESSIVE;
				GCC_WARN_UNUSED_FUNCTION = YES;
				GCC_WARN_UNUSED_VARIABLE = YES;
				IPHONEOS_DEPLOYMENT_TARGET = 8.3;
				MTL_ENABLE_DEBUG_INFO = YES;
				ONLY_ACTIVE_ARCH = YES;
				SDKROOT = iphoneos;
				SWIFT_OPTIMIZATION_LEVEL = "-Onone";
				TARGETED_DEVICE_FAMILY = "1,2";
			};
			name = Debug;
		};
		C470C8451B5F5D8F009D7F01 /* Release */ = {
			isa = XCBuildConfiguration;
			buildSettings = {
				ALWAYS_SEARCH_USER_PATHS = NO;
				CLANG_CXX_LANGUAGE_STANDARD = "gnu++0x";
				CLANG_CXX_LIBRARY = "libc++";
				CLANG_ENABLE_MODULES = YES;
				CLANG_ENABLE_OBJC_ARC = YES;
				CLANG_WARN_BOOL_CONVERSION = YES;
				CLANG_WARN_CONSTANT_CONVERSION = YES;
				CLANG_WARN_DIRECT_OBJC_ISA_USAGE = YES_ERROR;
				CLANG_WARN_EMPTY_BODY = YES;
				CLANG_WARN_ENUM_CONVERSION = YES;
				CLANG_WARN_INT_CONVERSION = YES;
				CLANG_WARN_OBJC_ROOT_CLASS = YES_ERROR;
				CLANG_WARN_UNREACHABLE_CODE = YES;
				CLANG_WARN__DUPLICATE_METHOD_MATCH = YES;
				"CODE_SIGN_IDENTITY[sdk=iphoneos*]" = "iPhone Developer";
				COPY_PHASE_STRIP = NO;
				DEBUG_INFORMATION_FORMAT = "dwarf-with-dsym";
				ENABLE_NS_ASSERTIONS = NO;
				ENABLE_STRICT_OBJC_MSGSEND = YES;
				GCC_C_LANGUAGE_STANDARD = gnu99;
				GCC_NO_COMMON_BLOCKS = YES;
				GCC_WARN_64_TO_32_BIT_CONVERSION = YES;
				GCC_WARN_ABOUT_RETURN_TYPE = YES_ERROR;
				GCC_WARN_UNDECLARED_SELECTOR = YES;
				GCC_WARN_UNINITIALIZED_AUTOS = YES_AGGRESSIVE;
				GCC_WARN_UNUSED_FUNCTION = YES;
				GCC_WARN_UNUSED_VARIABLE = YES;
				IPHONEOS_DEPLOYMENT_TARGET = 8.3;
				MTL_ENABLE_DEBUG_INFO = NO;
				SDKROOT = iphoneos;
				TARGETED_DEVICE_FAMILY = "1,2";
				VALIDATE_PRODUCT = YES;
			};
			name = Release;
		};
		C470C8471B5F5D8F009D7F01 /* Debug */ = {
			isa = XCBuildConfiguration;
			buildSettings = {
				ASSETCATALOG_COMPILER_APPICON_NAME = AppIcon;
				CLANG_ENABLE_MODULES = YES;
				INFOPLIST_FILE = TipTapToe/Info.plist;
				LD_RUNPATH_SEARCH_PATHS = "$(inherited) @executable_path/Frameworks";
				PRODUCT_NAME = "$(TARGET_NAME)";
				SWIFT_OBJC_BRIDGING_HEADER = "TipTapToe/TipTapToe-Bridging-Header.h";
				SWIFT_OPTIMIZATION_LEVEL = "-Onone";
			};
			name = Debug;
		};
		C470C8481B5F5D8F009D7F01 /* Release */ = {
			isa = XCBuildConfiguration;
			buildSettings = {
				ASSETCATALOG_COMPILER_APPICON_NAME = AppIcon;
				CLANG_ENABLE_MODULES = YES;
				INFOPLIST_FILE = TipTapToe/Info.plist;
				LD_RUNPATH_SEARCH_PATHS = "$(inherited) @executable_path/Frameworks";
				PRODUCT_NAME = "$(TARGET_NAME)";
				SWIFT_OBJC_BRIDGING_HEADER = "TipTapToe/TipTapToe-Bridging-Header.h";
			};
			name = Release;
		};
		C470C84A1B5F5D8F009D7F01 /* Debug */ = {
			isa = XCBuildConfiguration;
			buildSettings = {
				BUNDLE_LOADER = "$(TEST_HOST)";
				FRAMEWORK_SEARCH_PATHS = (
					"$(SDKROOT)/Developer/Library/Frameworks",
					"$(inherited)",
				);
				GCC_PREPROCESSOR_DEFINITIONS = (
					"DEBUG=1",
					"$(inherited)",
				);
				INFOPLIST_FILE = TipTapToeTests/Info.plist;
				LD_RUNPATH_SEARCH_PATHS = "$(inherited) @executable_path/Frameworks @loader_path/Frameworks";
				PRODUCT_NAME = "$(TARGET_NAME)";
				TEST_HOST = "$(BUILT_PRODUCTS_DIR)/TipTapToe.app/TipTapToe";
			};
			name = Debug;
		};
		C470C84B1B5F5D8F009D7F01 /* Release */ = {
			isa = XCBuildConfiguration;
			buildSettings = {
				BUNDLE_LOADER = "$(TEST_HOST)";
				FRAMEWORK_SEARCH_PATHS = (
					"$(SDKROOT)/Developer/Library/Frameworks",
					"$(inherited)",
				);
				INFOPLIST_FILE = TipTapToeTests/Info.plist;
				LD_RUNPATH_SEARCH_PATHS = "$(inherited) @executable_path/Frameworks @loader_path/Frameworks";
				PRODUCT_NAME = "$(TARGET_NAME)";
				TEST_HOST = "$(BUILT_PRODUCTS_DIR)/TipTapToe.app/TipTapToe";
			};
			name = Release;
		};
/* End XCBuildConfiguration section */

/* Begin XCConfigurationList section */
		C470C8221B5F5D8E009D7F01 /* Build configuration list for PBXProject "TipTapToe" */ = {
			isa = XCConfigurationList;
			buildConfigurations = (
				C470C8441B5F5D8F009D7F01 /* Debug */,
				C470C8451B5F5D8F009D7F01 /* Release */,
			);
			defaultConfigurationIsVisible = 0;
			defaultConfigurationName = Release;
		};
		C470C8461B5F5D8F009D7F01 /* Build configuration list for PBXNativeTarget "TipTapToe" */ = {
			isa = XCConfigurationList;
			buildConfigurations = (
				C470C8471B5F5D8F009D7F01 /* Debug */,
				C470C8481B5F5D8F009D7F01 /* Release */,
			);
			defaultConfigurationIsVisible = 0;
			defaultConfigurationName = Release;
		};
		C470C8491B5F5D8F009D7F01 /* Build configuration list for PBXNativeTarget "TipTapToeTests" */ = {
			isa = XCConfigurationList;
			buildConfigurations = (
				C470C84A1B5F5D8F009D7F01 /* Debug */,
				C470C84B1B5F5D8F009D7F01 /* Release */,
			);
			defaultConfigurationIsVisible = 0;
			defaultConfigurationName = Release;
		};
/* End XCConfigurationList section */
	};
	rootObject = C470C81F1B5F5D8E009D7F01 /* Project object */;
}
