// !$*UTF8*$!
{
	archiveVersion = 1;
	classes = {
	};
	objectVersion = 46;
	objects = {

/* Begin PBXBuildFile section */
		C488EB481B69CAF600CD8491 /* AppDelegate.swift in Sources */ = {isa = PBXBuildFile; fileRef = C488EB471B69CAF600CD8491 /* AppDelegate.swift */; };
		C488EB4A1B69CAF600CD8491 /* ViewController.swift in Sources */ = {isa = PBXBuildFile; fileRef = C488EB491B69CAF600CD8491 /* ViewController.swift */; };
		C488EB4D1B69CAF600CD8491 /* Main.storyboard in Resources */ = {isa = PBXBuildFile; fileRef = C488EB4B1B69CAF600CD8491 /* Main.storyboard */; };
		C488EB4F1B69CAF600CD8491 /* Images.xcassets in Resources */ = {isa = PBXBuildFile; fileRef = C488EB4E1B69CAF600CD8491 /* Images.xcassets */; };
		C488EB521B69CAF600CD8491 /* LaunchScreen.xib in Resources */ = {isa = PBXBuildFile; fileRef = C488EB501B69CAF600CD8491 /* LaunchScreen.xib */; };
		C488EB5E1B69CAF600CD8491 /* autolayoutTests.swift in Sources */ = {isa = PBXBuildFile; fileRef = C488EB5D1B69CAF600CD8491 /* autolayoutTests.swift */; };
/* End PBXBuildFile section */

/* Begin PBXContainerItemProxy section */
		C488EB581B69CAF600CD8491 /* PBXContainerItemProxy */ = {
			isa = PBXContainerItemProxy;
			containerPortal = C488EB3A1B69CAF600CD8491 /* Project object */;
			proxyType = 1;
			remoteGlobalIDString = C488EB411B69CAF600CD8491;
			remoteInfo = autolayout;
		};
/* End PBXContainerItemProxy section */

/* Begin PBXFileReference section */
		C488EB421B69CAF600CD8491 /* autolayout.app */ = {isa = PBXFileReference; explicitFileType = wrapper.application; includeInIndex = 0; path = autolayout.app; sourceTree = BUILT_PRODUCTS_DIR; };
		C488EB461B69CAF600CD8491 /* Info.plist */ = {isa = PBXFileReference; lastKnownFileType = text.plist.xml; path = Info.plist; sourceTree = "<group>"; };
		C488EB471B69CAF600CD8491 /* AppDelegate.swift */ = {isa = PBXFileReference; lastKnownFileType = sourcecode.swift; path = AppDelegate.swift; sourceTree = "<group>"; };
		C488EB491B69CAF600CD8491 /* ViewController.swift */ = {isa = PBXFileReference; lastKnownFileType = sourcecode.swift; path = ViewController.swift; sourceTree = "<group>"; };
		C488EB4C1B69CAF600CD8491 /* Base */ = {isa = PBXFileReference; lastKnownFileType = file.storyboard; name = Base; path = Base.lproj/Main.storyboard; sourceTree = "<group>"; };
		C488EB4E1B69CAF600CD8491 /* Images.xcassets */ = {isa = PBXFileReference; lastKnownFileType = folder.assetcatalog; path = Images.xcassets; sourceTree = "<group>"; };
		C488EB511B69CAF600CD8491 /* Base */ = {isa = PBXFileReference; lastKnownFileType = file.xib; name = Base; path = Base.lproj/LaunchScreen.xib; sourceTree = "<group>"; };
		C488EB571B69CAF600CD8491 /* autolayoutTests.xctest */ = {isa = PBXFileReference; explicitFileType = wrapper.cfbundle; includeInIndex = 0; path = autolayoutTests.xctest; sourceTree = BUILT_PRODUCTS_DIR; };
		C488EB5C1B69CAF600CD8491 /* Info.plist */ = {isa = PBXFileReference; lastKnownFileType = text.plist.xml; path = Info.plist; sourceTree = "<group>"; };
		C488EB5D1B69CAF600CD8491 /* autolayoutTests.swift */ = {isa = PBXFileReference; lastKnownFileType = sourcecode.swift; path = autolayoutTests.swift; sourceTree = "<group>"; };
/* End PBXFileReference section */

/* Begin PBXFrameworksBuildPhase section */
		C488EB3F1B69CAF600CD8491 /* Frameworks */ = {
			isa = PBXFrameworksBuildPhase;
			buildActionMask = 2147483647;
			files = (
			);
			runOnlyForDeploymentPostprocessing = 0;
		};
		C488EB541B69CAF600CD8491 /* Frameworks */ = {
			isa = PBXFrameworksBuildPhase;
			buildActionMask = 2147483647;
			files = (
			);
			runOnlyForDeploymentPostprocessing = 0;
		};
/* End PBXFrameworksBuildPhase section */

/* Begin PBXGroup section */
		C488EB391B69CAF600CD8491 = {
			isa = PBXGroup;
			children = (
				C488EB441B69CAF600CD8491 /* autolayout */,
				C488EB5A1B69CAF600CD8491 /* autolayoutTests */,
				C488EB431B69CAF600CD8491 /* Products */,
			);
			sourceTree = "<group>";
		};
		C488EB431B69CAF600CD8491 /* Products */ = {
			isa = PBXGroup;
			children = (
				C488EB421B69CAF600CD8491 /* autolayout.app */,
				C488EB571B69CAF600CD8491 /* autolayoutTests.xctest */,
			);
			name = Products;
			sourceTree = "<group>";
		};
		C488EB441B69CAF600CD8491 /* autolayout */ = {
			isa = PBXGroup;
			children = (
				C488EB471B69CAF600CD8491 /* AppDelegate.swift */,
				C488EB491B69CAF600CD8491 /* ViewController.swift */,
				C488EB4B1B69CAF600CD8491 /* Main.storyboard */,
				C488EB4E1B69CAF600CD8491 /* Images.xcassets */,
				C488EB501B69CAF600CD8491 /* LaunchScreen.xib */,
				C488EB451B69CAF600CD8491 /* Supporting Files */,
			);
			path = autolayout;
			sourceTree = "<group>";
		};
		C488EB451B69CAF600CD8491 /* Supporting Files */ = {
			isa = PBXGroup;
			children = (
				C488EB461B69CAF600CD8491 /* Info.plist */,
			);
			name = "Supporting Files";
			sourceTree = "<group>";
		};
		C488EB5A1B69CAF600CD8491 /* autolayoutTests */ = {
			isa = PBXGroup;
			children = (
				C488EB5D1B69CAF600CD8491 /* autolayoutTests.swift */,
				C488EB5B1B69CAF600CD8491 /* Supporting Files */,
			);
			path = autolayoutTests;
			sourceTree = "<group>";
		};
		C488EB5B1B69CAF600CD8491 /* Supporting Files */ = {
			isa = PBXGroup;
			children = (
				C488EB5C1B69CAF600CD8491 /* Info.plist */,
			);
			name = "Supporting Files";
			sourceTree = "<group>";
		};
/* End PBXGroup section */

/* Begin PBXNativeTarget section */
		C488EB411B69CAF600CD8491 /* autolayout */ = {
			isa = PBXNativeTarget;
			buildConfigurationList = C488EB611B69CAF600CD8491 /* Build configuration list for PBXNativeTarget "autolayout" */;
			buildPhases = (
				C488EB3E1B69CAF600CD8491 /* Sources */,
				C488EB3F1B69CAF600CD8491 /* Frameworks */,
				C488EB401B69CAF600CD8491 /* Resources */,
			);
			buildRules = (
			);
			dependencies = (
			);
			name = autolayout;
			productName = autolayout;
			productReference = C488EB421B69CAF600CD8491 /* autolayout.app */;
			productType = "com.apple.product-type.application";
		};
		C488EB561B69CAF600CD8491 /* autolayoutTests */ = {
			isa = PBXNativeTarget;
			buildConfigurationList = C488EB641B69CAF600CD8491 /* Build configuration list for PBXNativeTarget "autolayoutTests" */;
			buildPhases = (
				C488EB531B69CAF600CD8491 /* Sources */,
				C488EB541B69CAF600CD8491 /* Frameworks */,
				C488EB551B69CAF600CD8491 /* Resources */,
			);
			buildRules = (
			);
			dependencies = (
				C488EB591B69CAF600CD8491 /* PBXTargetDependency */,
			);
			name = autolayoutTests;
			productName = autolayoutTests;
			productReference = C488EB571B69CAF600CD8491 /* autolayoutTests.xctest */;
			productType = "com.apple.product-type.bundle.unit-test";
		};
/* End PBXNativeTarget section */

/* Begin PBXProject section */
		C488EB3A1B69CAF600CD8491 /* Project object */ = {
			isa = PBXProject;
			attributes = {
				LastUpgradeCheck = 0630;
				ORGANIZATIONNAME = Jerry;
				TargetAttributes = {
					C488EB411B69CAF600CD8491 = {
						CreatedOnToolsVersion = 6.3.2;
					};
					C488EB561B69CAF600CD8491 = {
						CreatedOnToolsVersion = 6.3.2;
						TestTargetID = C488EB411B69CAF600CD8491;
					};
				};
			};
			buildConfigurationList = C488EB3D1B69CAF600CD8491 /* Build configuration list for PBXProject "autolayout" */;
			compatibilityVersion = "Xcode 3.2";
			developmentRegion = English;
			hasScannedForEncodings = 0;
			knownRegions = (
				en,
				Base,
			);
			mainGroup = C488EB391B69CAF600CD8491;
			productRefGroup = C488EB431B69CAF600CD8491 /* Products */;
			projectDirPath = "";
			projectRoot = "";
			targets = (
				C488EB411B69CAF600CD8491 /* autolayout */,
				C488EB561B69CAF600CD8491 /* autolayoutTests */,
			);
		};
/* End PBXProject section */

/* Begin PBXResourcesBuildPhase section */
		C488EB401B69CAF600CD8491 /* Resources */ = {
			isa = PBXResourcesBuildPhase;
			buildActionMask = 2147483647;
			files = (
				C488EB4D1B69CAF600CD8491 /* Main.storyboard in Resources */,
				C488EB521B69CAF600CD8491 /* LaunchScreen.xib in Resources */,
				C488EB4F1B69CAF600CD8491 /* Images.xcassets in Resources */,
			);
			runOnlyForDeploymentPostprocessing = 0;
		};
		C488EB551B69CAF600CD8491 /* Resources */ = {
			isa = PBXResourcesBuildPhase;
			buildActionMask = 2147483647;
			files = (
			);
			runOnlyForDeploymentPostprocessing = 0;
		};
/* End PBXResourcesBuildPhase section */

/* Begin PBXSourcesBuildPhase section */
		C488EB3E1B69CAF600CD8491 /* Sources */ = {
			isa = PBXSourcesBuildPhase;
			buildActionMask = 2147483647;
			files = (
				C488EB4A1B69CAF600CD8491 /* ViewController.swift in Sources */,
				C488EB481B69CAF600CD8491 /* AppDelegate.swift in Sources */,
			);
			runOnlyForDeploymentPostprocessing = 0;
		};
		C488EB531B69CAF600CD8491 /* Sources */ = {
			isa = PBXSourcesBuildPhase;
			buildActionMask = 2147483647;
			files = (
				C488EB5E1B69CAF600CD8491 /* autolayoutTests.swift in Sources */,
			);
			runOnlyForDeploymentPostprocessing = 0;
		};
/* End PBXSourcesBuildPhase section */

/* Begin PBXTargetDependency section */
		C488EB591B69CAF600CD8491 /* PBXTargetDependency */ = {
			isa = PBXTargetDependency;
			target = C488EB411B69CAF600CD8491 /* autolayout */;
			targetProxy = C488EB581B69CAF600CD8491 /* PBXContainerItemProxy */;
		};
/* End PBXTargetDependency section */

/* Begin PBXVariantGroup section */
		C488EB4B1B69CAF600CD8491 /* Main.storyboard */ = {
			isa = PBXVariantGroup;
			children = (
				C488EB4C1B69CAF600CD8491 /* Base */,
			);
			name = Main.storyboard;
			sourceTree = "<group>";
		};
		C488EB501B69CAF600CD8491 /* LaunchScreen.xib */ = {
			isa = PBXVariantGroup;
			children = (
				C488EB511B69CAF600CD8491 /* Base */,
			);
			name = LaunchScreen.xib;
			sourceTree = "<group>";
		};
/* End PBXVariantGroup section */

/* Begin XCBuildConfiguration section */
		C488EB5F1B69CAF600CD8491 /* Debug */ = {
			isa = XCBuildConfiguration;
			buildSettings = {
				ALWAYS_SEARCH_USER_PATHS = NO;
				CLANG_CXX_LANGUAGE_STANDARD = "gnu++0x";
				CLANG_CXX_LIBRARY = "libc++";
				CLANG_ENABLE_MODULES = YES;
				CLANG_ENABLE_OBJC_ARC = YES;
				CLANG_WARN_BOOL_CONVERSION = YES;
				CLANG_WARN_CONSTANT_CONVERSION = YES;
				CLANG_WARN_DIRECT_OBJC_ISA_USAGE = YES_ERROR;
				CLANG_WARN_EMPTY_BODY = YES;
				CLANG_WARN_ENUM_CONVERSION = YES;
				CLANG_WARN_INT_CONVERSION = YES;
				CLANG_WARN_OBJC_ROOT_CLASS = YES_ERROR;
				CLANG_WARN_UNREACHABLE_CODE = YES;
				CLANG_WARN__DUPLICATE_METHOD_MATCH = YES;
				"CODE_SIGN_IDENTITY[sdk=iphoneos*]" = "iPhone Developer";
				COPY_PHASE_STRIP = NO;
				DEBUG_INFORMATION_FORMAT = "dwarf-with-dsym";
				ENABLE_STRICT_OBJC_MSGSEND = YES;
				GCC_C_LANGUAGE_STANDARD = gnu99;
				GCC_DYNAMIC_NO_PIC = NO;
				GCC_NO_COMMON_BLOCKS = YES;
				GCC_OPTIMIZATION_LEVEL = 0;
				GCC_PREPROCESSOR_DEFINITIONS = (
					"DEBUG=1",
					"$(inherited)",
				);
				GCC_SYMBOLS_PRIVATE_EXTERN = NO;
				GCC_WARN_64_TO_32_BIT_CONVERSION = YES;
				GCC_WARN_ABOUT_RETURN_TYPE = YES_ERROR;
				GCC_WARN_UNDECLARED_SELECTOR = YES;
				GCC_WARN_UNINITIALIZED_AUTOS = YES_AGGRESSIVE;
				GCC_WARN_UNUSED_FUNCTION = YES;
				GCC_WARN_UNUSED_VARIABLE = YES;
				IPHONEOS_DEPLOYMENT_TARGET = 8.3;
				MTL_ENABLE_DEBUG_INFO = YES;
				ONLY_ACTIVE_ARCH = YES;
				SDKROOT = iphoneos;
				SWIFT_OPTIMIZATION_LEVEL = "-Onone";
				TARGETED_DEVICE_FAMILY = "1,2";
			};
			name = Debug;
		};
		C488EB601B69CAF600CD8491 /* Release */ = {
			isa = XCBuildConfiguration;
			buildSettings = {
				ALWAYS_SEARCH_USER_PATHS = NO;
				CLANG_CXX_LANGUAGE_STANDARD = "gnu++0x";
				CLANG_CXX_LIBRARY = "libc++";
				CLANG_ENABLE_MODULES = YES;
				CLANG_ENABLE_OBJC_ARC = YES;
				CLANG_WARN_BOOL_CONVERSION = YES;
				CLANG_WARN_CONSTANT_CONVERSION = YES;
				CLANG_WARN_DIRECT_OBJC_ISA_USAGE = YES_ERROR;
				CLANG_WARN_EMPTY_BODY = YES;
				CLANG_WARN_ENUM_CONVERSION = YES;
				CLANG_WARN_INT_CONVERSION = YES;
				CLANG_WARN_OBJC_ROOT_CLASS = YES_ERROR;
				CLANG_WARN_UNREACHABLE_CODE = YES;
				CLANG_WARN__DUPLICATE_METHOD_MATCH = YES;
				"CODE_SIGN_IDENTITY[sdk=iphoneos*]" = "iPhone Developer";
				COPY_PHASE_STRIP = NO;
				DEBUG_INFORMATION_FORMAT = "dwarf-with-dsym";
				ENABLE_NS_ASSERTIONS = NO;
				ENABLE_STRICT_OBJC_MSGSEND = YES;
				GCC_C_LANGUAGE_STANDARD = gnu99;
				GCC_NO_COMMON_BLOCKS = YES;
				GCC_WARN_64_TO_32_BIT_CONVERSION = YES;
				GCC_WARN_ABOUT_RETURN_TYPE = YES_ERROR;
				GCC_WARN_UNDECLARED_SELECTOR = YES;
				GCC_WARN_UNINITIALIZED_AUTOS = YES_AGGRESSIVE;
				GCC_WARN_UNUSED_FUNCTION = YES;
				GCC_WARN_UNUSED_VARIABLE = YES;
				IPHONEOS_DEPLOYMENT_TARGET = 8.3;
				MTL_ENABLE_DEBUG_INFO = NO;
				SDKROOT = iphoneos;
				TARGETED_DEVICE_FAMILY = "1,2";
				VALIDATE_PRODUCT = YES;
			};
			name = Release;
		};
		C488EB621B69CAF600CD8491 /* Debug */ = {
			isa = XCBuildConfiguration;
			buildSettings = {
				ASSETCATALOG_COMPILER_APPICON_NAME = AppIcon;
				INFOPLIST_FILE = autolayout/Info.plist;
				LD_RUNPATH_SEARCH_PATHS = "$(inherited) @executable_path/Frameworks";
				PRODUCT_NAME = "$(TARGET_NAME)";
			};
			name = Debug;
		};
		C488EB631B69CAF600CD8491 /* Release */ = {
			isa = XCBuildConfiguration;
			buildSettings = {
				ASSETCATALOG_COMPILER_APPICON_NAME = AppIcon;
				INFOPLIST_FILE = autolayout/Info.plist;
				LD_RUNPATH_SEARCH_PATHS = "$(inherited) @executable_path/Frameworks";
				PRODUCT_NAME = "$(TARGET_NAME)";
			};
			name = Release;
		};
		C488EB651B69CAF600CD8491 /* Debug */ = {
			isa = XCBuildConfiguration;
			buildSettings = {
				BUNDLE_LOADER = "$(TEST_HOST)";
				FRAMEWORK_SEARCH_PATHS = (
					"$(SDKROOT)/Developer/Library/Frameworks",
					"$(inherited)",
				);
				GCC_PREPROCESSOR_DEFINITIONS = (
					"DEBUG=1",
					"$(inherited)",
				);
				INFOPLIST_FILE = autolayoutTests/Info.plist;
				LD_RUNPATH_SEARCH_PATHS = "$(inherited) @executable_path/Frameworks @loader_path/Frameworks";
				PRODUCT_NAME = "$(TARGET_NAME)";
				TEST_HOST = "$(BUILT_PRODUCTS_DIR)/autolayout.app/autolayout";
			};
			name = Debug;
		};
		C488EB661B69CAF600CD8491 /* Release */ = {
			isa = XCBuildConfiguration;
			buildSettings = {
				BUNDLE_LOADER = "$(TEST_HOST)";
				FRAMEWORK_SEARCH_PATHS = (
					"$(SDKROOT)/Developer/Library/Frameworks",
					"$(inherited)",
				);
				INFOPLIST_FILE = autolayoutTests/Info.plist;
				LD_RUNPATH_SEARCH_PATHS = "$(inherited) @executable_path/Frameworks @loader_path/Frameworks";
				PRODUCT_NAME = "$(TARGET_NAME)";
				TEST_HOST = "$(BUILT_PRODUCTS_DIR)/autolayout.app/autolayout";
			};
			name = Release;
		};
/* End XCBuildConfiguration section */

/* Begin XCConfigurationList section */
		C488EB3D1B69CAF600CD8491 /* Build configuration list for PBXProject "autolayout" */ = {
			isa = XCConfigurationList;
			buildConfigurations = (
				C488EB5F1B69CAF600CD8491 /* Debug */,
				C488EB601B69CAF600CD8491 /* Release */,
			);
			defaultConfigurationIsVisible = 0;
			defaultConfigurationName = Release;
		};
		C488EB611B69CAF600CD8491 /* Build configuration list for PBXNativeTarget "autolayout" */ = {
			isa = XCConfigurationList;
			buildConfigurations = (
				C488EB621B69CAF600CD8491 /* Debug */,
				C488EB631B69CAF600CD8491 /* Release */,
			);
			defaultConfigurationIsVisible = 0;
		};
		C488EB641B69CAF600CD8491 /* Build configuration list for PBXNativeTarget "autolayoutTests" */ = {
			isa = XCConfigurationList;
			buildConfigurations = (
				C488EB651B69CAF600CD8491 /* Debug */,
				C488EB661B69CAF600CD8491 /* Release */,
			);
			defaultConfigurationIsVisible = 0;
		};
/* End XCConfigurationList section */
	};
	rootObject = C488EB3A1B69CAF600CD8491 /* Project object */;
}
